
Microsoft Visual Studio Solution File, Format Version 12.00
# Visual Studio Version 16
VisualStudioVersion = 16.0.30717.126
MinimumVisualStudioVersion = 10.0.40219.1
Project("{FAE04EC0-301F-11D3-BF4B-00C04F79EFBC}") = "BooksApp.API", "Books App\BooksApp.API.csproj", "{8B0E0975-1F4F-4627-AF72-8CFF8CDF3B89}"
EndProject
Project("{FAE04EC0-301F-11D3-BF4B-00C04F79EFBC}") = "BooksApp.Presistence", "BooksApp.Presistence\BooksApp.Presistence.csproj", "{31EDC116-1C7D-4B30-8908-208A78085DE2}"
EndProject
Project("{FAE04EC0-301F-11D3-BF4B-00C04F79EFBC}") = "BooksApp.Core", "BooksApp.Core\BooksApp.Core.csproj", "{C4F7DA3A-DC0C-4C78-A2E3-E2173195553B}"
EndProject
Project("{FAE04EC0-301F-11D3-BF4B-00C04F79EFBC}") = "BooksApp.Services", "BooksApp.Services\BooksApp.Services.csproj", "{8C371A91-B7B5-456E-BA8D-20D5C66FDBD4}"
EndProject
Global
	GlobalSection(SolutionConfigurationPlatforms) = preSolution
		Debug|Any CPU = Debug|Any CPU
		Release|Any CPU = Release|Any CPU
	EndGlobalSection
	GlobalSection(ProjectConfigurationPlatforms) = postSolution
		{8B0E0975-1F4F-4627-AF72-8CFF8CDF3B89}.Debug|Any CPU.ActiveCfg = Debug|Any CPU
		{8B0E0975-1F4F-4627-AF72-8CFF8CDF3B89}.Debug|Any CPU.Build.0 = Debug|Any CPU
		{8B0E0975-1F4F-4627-AF72-8CFF8CDF3B89}.Release|Any CPU.ActiveCfg = Release|Any CPU
		{8B0E0975-1F4F-4627-AF72-8CFF8CDF3B89}.Release|Any CPU.Build.0 = Release|Any CPU
		{31EDC116-1C7D-4B30-8908-208A78085DE2}.Debug|Any CPU.ActiveCfg = Debug|Any CPU
		{31EDC116-1C7D-4B30-8908-208A78085DE2}.Debug|Any CPU.Build.0 = Debug|Any CPU
		{31EDC116-1C7D-4B30-8908-208A78085DE2}.Release|Any CPU.ActiveCfg = Release|Any CPU
		{31EDC116-1C7D-4B30-8908-208A78085DE2}.Release|Any CPU.Build.0 = Release|Any CPU
		{C4F7DA3A-DC0C-4C78-A2E3-E2173195553B}.Debug|Any CPU.ActiveCfg = Debug|Any CPU
		{C4F7DA3A-DC0C-4C78-A2E3-E2173195553B}.Debug|Any CPU.Build.0 = Debug|Any CPU
		{C4F7DA3A-DC0C-4C78-A2E3-E2173195553B}.Release|Any CPU.ActiveCfg = Release|Any CPU
		{C4F7DA3A-DC0C-4C78-A2E3-E2173195553B}.Release|Any CPU.Build.0 = Release|Any CPU
		{8C371A91-B7B5-456E-BA8D-20D5C66FDBD4}.Debug|Any CPU.ActiveCfg = Debug|Any CPU
		{8C371A91-B7B5-456E-BA8D-20D5C66FDBD4}.Debug|Any CPU.Build.0 = Debug|Any CPU
		{8C371A91-B7B5-456E-BA8D-20D5C66FDBD4}.Release|Any CPU.ActiveCfg = Release|Any CPU
		{8C371A91-B7B5-456E-BA8D-20D5C66FDBD4}.Release|Any CPU.Build.0 = Release|Any CPU
	EndGlobalSection
	GlobalSection(SolutionProperties) = preSolution
		HideSolutionNode = FALSE
	EndGlobalSection
	GlobalSection(ExtensibilityGlobals) = postSolution
		SolutionGuid = {B0279B8A-5AD3-4F47-9DEC-79DE2C23DB74}
	EndGlobalSection
EndGlobal
